#
# This file is autogenerated by pip-compile with Python 3.13
# by the following command:
#
#    pip-compile --generate-hashes --output-file=docker/geometry/requirements.lock docker/geometry/requirements.in
#
ezdxf==1.4.4 \
    --hash=sha256:02a097794625e9fc948e637dfe07057e98167b4fe215357a59645759fef6db3f \
    --hash=sha256:080d487ff8f9cdda79b4c7743683d103235cf831da6ef473edfa80170d1bc61d \
    --hash=sha256:0eec8a2095b645420a67560e99041c0d25afefd39eab5bff8c736fdb32211a75 \
    --hash=sha256:207eed544417464ffaf2570880d58a792ecd2534c9c2dede45e895f3200b77e6 \
    --hash=sha256:278a09a845d67a4f893aebe9ef8dcd8894ece9f255d7d8bb21719ffd902109b8 \
    --hash=sha256:2ed65b191113a82133ba47daa6ebdd540b487b17394b1e327e9511dde87ad924 \
    --hash=sha256:39aadab5bc7a05deddbd0db9b984c8a4bd28bd4c1ac2c5ee03f0d1b096272a88 \
    --hash=sha256:39c1e7d77220654482c2c2ba82a171c50a40f2295f9f4d3cb72bbc909f1f2fcb \
    --hash=sha256:3be59c2a3a93585412a2a37af29b3ad7574fa3e429e624924c3285d0573388b3 \
    --hash=sha256:3d3d9a6663993fc644751647fd7843057b51742ffac27c48ce28ea9f81239613 \
    --hash=sha256:3e518d9ed4dcbe525d57f14c25c5e592f82660a690fdec39b03b092e6cdc4771 \
    --hash=sha256:44a9716860b59dddd49a3708c04ff4580ad1e7de92ac93bb3213d85fba5ac93f \
    --hash=sha256:44af248af0860fe8b1a39ca40e1cd2fa8ac37b22142b14b20c6a0caf1b50f932 \
    --hash=sha256:473d68c8f2b04ace513efa290a1cd0d3a4a589cdff48124f015f0e51034668b2 \
    --hash=sha256:4e9aecff9c34a62f21115bd98c0ab76d3448064a3c31f1f1df6e9c19dc78ea56 \
    --hash=sha256:666edda631ba717270293b734f5d58dd97a1d1aba4787187f09d0cc584645865 \
    --hash=sha256:6b0c73b46085521bdbd4a3e7d88998da7bec5713ba89bbb502fdeffe6b42fc7e \
    --hash=sha256:7c3c8f2c2b62fe5b6c9b62ab8257b697535d62b0c79acf3a5040bd95edfab451 \
    --hash=sha256:7f75a4f2924ebdda0f5b2779ff2135ba92de2596c95a8fa9b1d9ebcabea1be41 \
    --hash=sha256:82c022cf094d21ad3db68557aa83628e4152355e8a8bef0fffd4f71a9ea325df \
    --hash=sha256:8ebe09717ab6636bf48780eabdab51e3ab2135f7963bb52452444b6d95e03d12 \
    --hash=sha256:8ff103b9ef0de6eca86a32506a4a0717ff05024450e9da3ea9a77a73f63e1ac2 \
    --hash=sha256:ac3e83a70c1f866dd5114192a6fab6e75cc83b75e907bc08c5d94b98cce14cc0 \
    --hash=sha256:b0a787f8ebcbdcb9798c6fcfe90c23afd1a0993c8d4302b6cce5d8f19ae052ae \
    --hash=sha256:bd67e30aafdbf64c74a09908c6648e20fe4e0c58fd0504e6ea4913f654708919 \
    --hash=sha256:c451d1c20f08b30c735ca4d650fee5b44147402f4b5662f8550053ed8a3009c2 \
    --hash=sha256:d68d5ab9e1071319030da3af27590f34c38c8544a5ea638d9a4a800a96abb3c2 \
    --hash=sha256:d723d35d08223318c17080a32a05192a1449e544dee867c9d9c6f25998fac303 \
    --hash=sha256:d87a85052e92b9c28e54605dbad65f779a3b61e6288e992d6ef00df7bde4bed3 \
    --hash=sha256:da5a5e0e6bdbb6656f9c017b47edc7eafceb419d61a2b5de64ffb344c168e593 \
    --hash=sha256:e110caf14288923afa771a2d5752b0916b9a9621c1abf60f3caf7b454f989cf6 \
    --hash=sha256:edbd0c0350361104834688034fecb97eefaff486c872f83809c71ec6988e0236 \
    --hash=sha256:f093bd2228f5782d483aed3bd89cdb74b672b5f90c677c4125cd236ee5649151 \
    --hash=sha256:fbd70284ac9c39581e4973589d10afd941bc6c64c1cdd087ecd387ce7697bd50
    # via -r docker/geometry/requirements.in
fonttools==4.63.0 \
    --hash=sha256:032038247a96c1690f9f31e377c389383c902531b085aa4e4dabd6f57f870e69 \
    --hash=sha256:063e08bd17bd5a90127a14123de0d6a952dbc847695fd98b63c043d58057f90c \
    --hash=sha256:0c18358a155d75034911c5ee397a5b44cd19dd325dbb8b35fb60bf421d6a72ac \
    --hash=sha256:0eac00b9118c3c2f87d272e45341871c5b3066baa3c86897fa634a7c3fb59096 \
    --hash=sha256:1e874792a8212b44583ea02189d9e693906b2f78b261f372f95d6c563210ac1d \
    --hash=sha256:22135da48a348785c5e2d5d2d9d6bec5ed44adacbaeb9db12d9493bf6c6bfa68 \
    --hash=sha256:22693918177bd9ceabec4736d338045f357769416fc6b0b2508eefef75b08616 \
    --hash=sha256:27fdc65af8da6f88b9c6121c47a464cbe359fcfff7ff6fc2d37a1f395d755b78 \
    --hash=sha256:2b8ae05d9eacf6081414d759c0a352769ac28ce31280d6bb8e77b03f9e3c449f \
    --hash=sha256:2c14b4fd138c4bafcca294765c547914e1aa431ae1ca94ab99d8db08c958bd3b \
    --hash=sha256:308f957cdeaf8abe4e5f2f124902ef405448af92c90f80e302a3b771c2e6116b \
    --hash=sha256:37dd23e621e3b0aef1baa70a303b80aaf38449632cfc8fd2a55fb285bbccfc02 \
    --hash=sha256:445af2eab030a16b9171ea8bdda7ebf7d96bda2df88ee182a464252f6e05e20d \
    --hash=sha256:51394295f1a51de8b5f30bdb1e1b9a4231536c7064ef5c6e211eec19fa36036f \
    --hash=sha256:58dc6bb86a78d782f00f9190ca02c119cf5bbe2807536e361e18d42019f877d8 \
    --hash=sha256:59ac449f8cca9b4ffa08d2e7bbadad87ce710d69d1eda5c3c1ce579baa987272 \
    --hash=sha256:6b2248c5decb223562f7902ff6325077a073f608ee8e33e88ad88db734eb9f49 \
    --hash=sha256:6d4741eb179121cab9eea4cb2393d24492373a260d7945006358c08cfbf45419 \
    --hash=sha256:6db5140a60a5d731d21ec076745b40a310607731b0a565b50776393188649001 \
    --hash=sha256:6e528da43bc3791085f8cb6141b1d13e459226790240340fcbb4625649238b03 \
    --hash=sha256:796f27556dbe094c4824f75ca85267e4df776c79036c8441469a4df37038c196 \
    --hash=sha256:79cdc9f567aec74a72918fd060283911406750cbc9fd28c1316023deb6ce31a9 \
    --hash=sha256:7d76edbff9014094dbf03bd2d074709dfa6ec7aba13d838c937a2b33d2d6a86e \
    --hash=sha256:7d782fac32985914c351556f68ac0855391572bcd87de50e05970d3cd4c96fc5 \
    --hash=sha256:7dd683fef0663e9f0f45cf541d788d24caa3ec9db50796b588e1757d8b3bc007 \
    --hash=sha256:85be818f5506e8a7753153def2c9550178f0ecae6a47b5e0e8dbb23f7cc90380 \
    --hash=sha256:948428a275741f0b64b113c955425a953314f4b9ab9997f73a72c83e68e569c8 \
    --hash=sha256:9ced0bd02ac751dd6319b0da88aaef24414e3b0dbc32bb4f24944821a3741a27 \
    --hash=sha256:9e12f105d2b6342c559c298afb674006bb2893afc7102dcf8a1b55b0486b4e40 \
    --hash=sha256:a8b33a82979e0a6a34ff435cc81317be1f95ec1ebb7a3a2d1c8a6a54f02ae44e \
    --hash=sha256:a9faff9e0c1f76f9fd55899d2ce785832efebab37eb8ae13995853aef178bef0 \
    --hash=sha256:af2fd1664d00a397d75f806985ddb36282091c2131a73a6485c23b4a34722263 \
    --hash=sha256:afefc1ed0a59785a7fb06ea7e1678e849c193e1e387db783579bc7b3056fcfcb \
    --hash=sha256:b1cd75a03ad8cb5bc40c90bfde68c0c47de423aa19e5c0f362b43520645eea94 \
    --hash=sha256:ba04cb5891d4c0c21b6da95eda8d7b090021508a294fff33464fc7d241e0856b \
    --hash=sha256:bf00f21eb5fb721dbaf73d1e9da6d02a1af7768f2ebcf9798be98beab8ba90f6 \
    --hash=sha256:c0425b277a59cff3d80ca42162a8de360f318438a2ac83570842a678d826d579 \
    --hash=sha256:c1aaa4b9c75798400ac043ce04d74e7830376c85095a5a6ed7cba2f17a266bf4 \
    --hash=sha256:c2a2a42198b696a6f48fad91709afb55176e66a5e566131219dba372fb7f8c59 \
    --hash=sha256:caeb583deeb5168e694b65cda8b4ee62abedfa66cf88488734466f2366b9c4e0 \
    --hash=sha256:cb014d58140a38135f16064c74c652ed57aa0b75cbf8bb59cac821f7edb5334e \
    --hash=sha256:ccf41f2efdf56994d22d73bef4ced1052161958169428d06ba9724ea9e9a64be \
    --hash=sha256:cd7e9857e5e63738b9d9fd707bc1f59c8b09e5177726d23664db393c59bb08bd \
    --hash=sha256:d76ac49f929aecaf82d83250b8347e099d7aecba0f4726c1d9b6df3b8bb5fe18 \
    --hash=sha256:d7e5c9973aa04c95650c96e5f5ad865fbf42d62079163ecfab1e01cbc2504c22 \
    --hash=sha256:dcf076a4474fe0d7367e5bbf5b052c7284fa1feca729c04176ce513521afd8a0 \
    --hash=sha256:e3297a6a4059b4acc3a1e9a8b04741f240a80044eef08ebd32e8b5bcdddce75b \
    --hash=sha256:ee08ebfa58f6e1aeff5697ab9582105bb620008c1caafb681e4c557e7483027b \
    --hash=sha256:ef3048ef05dbb552b89817713d9cac912e00d0fde4a3105c00d29e52e10c89af \
    --hash=sha256:fd1e3094f42d806d3d7c79162fc59e5910fcbe3a7360c385b8da969bc4493745
    # via ezdxf
numpy==2.5.1 \
    --hash=sha256:e8c11c405efc5ff6816d5983c96cdfa215bab3428961243af3ff59b228490438 \
    --hash=sha256:0391ea3622f5c51a2e29708877d56e3d276827ac5447d7f45e9bc4ade8923c52 \
    --hash=sha256:12c045f43b1d2915eca6b880a7f4a256f59d62df4f044788c8ba67709412128d \
    --hash=sha256:136553f123ee2951bfcfbc264acd34a2fc2f29d7cdf610ce7daf672b6fbaa693 \
    --hash=sha256:1402da8e0f435991983d0a9708b779f95a8c98c6b18a171b9f1be09005e64d9d \
    --hash=sha256:16372619ee728ed67a2a606a614f56d3eabc5b86f8b615c79d01957062826ca8 \
    --hash=sha256:1ad78ce7f18ce4e7df1b2ea4019b5817a2f6a8a16e34ff2775f646adce0a5027 \
    --hash=sha256:1b416af7d0ed3271cad0f0a0d0bee0911ed7eba23e66f8424d9f3dfcdcae1304 \
    --hash=sha256:1f45315b2dc58d8a3e7754fe4e38b6fce132dab284a92851e41b2b344f6441c5 \
    --hash=sha256:2376e317111daa0a6739e50f7ee2a6353f768489102308b0d98fcf4a04f7f3b5 \
    --hash=sha256:23c9f4edbf4c065fddb10a4f6e8b6a244342d95966a48820c614891e5059bb50 \
    --hash=sha256:246535e2f7496b7ac85deffe932896a3577be7af8fb7eebe7146444680297e9a \
    --hash=sha256:2e8da03bd561504d9b20e7a12340870dfc206c64ea59b4cfee9fceb95070ee94 \
    --hash=sha256:34c1b7e83f94f3b564b35f480f5652a47007dd91f7c839f404d03279cc8dd021 \
    --hash=sha256:39261798d208c3095ae4f7bc8eaeb3481ea8c6e03dc48028057d3cbdbdb8937e \
    --hash=sha256:3b787adbf04b0db1967798dba8da1af07e387908ed1553a0d6e74c084d1ceafe \
    --hash=sha256:3c2ec8a0f51d60f1e9c0c5ab116b7fc104b165ada3f6c58abf881cb2eb16044d \
    --hash=sha256:435e7a933b9fda8126130b046975a968cc2d833b505475e588339e09f7672890 \
    --hash=sha256:4d8335b5f1b6e2bce120d55fb17064b0262ff29b459e8493d1785c18ae2553b8 \
    --hash=sha256:4d9828d25fb246bedd31e04c9e75714a4087211ac348cb39c8c5f99dbb6683fe \
    --hash=sha256:52659ad2534427dffcc36aac76bebdd02b67e3b7a619ac67543bc9bfe6b7cdb1 \
    --hash=sha256:5266de33d4c3420973cf9ae3b98b54a2a6d53a559310e3236c4b2b06b9c07d4e \
    --hash=sha256:5521a06a3148686d9269c53b09f7d399a5725c47bbb5b35747e1cb76326b714b \
    --hash=sha256:596140185c7fa113563c67c2e894eabe0daea18cf8e33851738c19f70ce86aeb \
    --hash=sha256:5b732c8beef1d7bc2d9e476dbba20aaff6167bf205ad9aa8d30913859e82884b \
    --hash=sha256:5ebeb7ef54a7be11044c33a17b2624abe4307a75893c001a4800857956b41094 \
    --hash=sha256:712a64103d97c404e87d4d7c47fb0c7ff9acccc625ca2002848e0d53288b90ea \
    --hash=sha256:7678556eeb0152cbd1522b684dcd215250885993dd00adb93679ec3c0e6e091c \
    --hash=sha256:77974aba6c1bc26e3c205c2214f0d5b4305bdc719268b93e768ddb17e3fdd636 \
    --hash=sha256:783145835458e60fa97afac25d511d00a1eca94d4a8f3ace9fe2043003c678e4 \
    --hash=sha256:7bfdb06b395385ea9b91bf55c1adf1b297c9fdb531552845ff1d3ea6e40d5aba \
    --hash=sha256:7c8dde0ca2f77828815fd1aedfdf52e59071a5bae30dac3b4da2a335c672149a \
    --hash=sha256:83807d445817326b4bcdaaaf8e8e9f1753da04341eceec705c001ff342002e5d \
    --hash=sha256:87eed225fd415bbae787f93a457af7f5990b92a334e346f72070bf569b9c9c95 \
    --hash=sha256:8fb62fe3d206d72fe1cfe31c4a1106ad2b136fcc1606093aeab314f02930fdf2 \
    --hash=sha256:95172a21038c9b423e68be78fd0be6e1b97674cde269b76fe269a5dfa6fadf0b \
    --hash=sha256:9f48ba6f6c13e5e49f3d3efb1b51c8193215c42ac82610a04624906a9270be6f \
    --hash=sha256:a0c03b6be48aaf92525cccf393265e02773be8fd9551a2f9adbe7db1fa2b60f1 \
    --hash=sha256:a5ae282abe60a2db0fd407072aff4599c279bcd6e9a2475500fc35b00a57c532 \
    --hash=sha256:aee2512827ceb6d7f517c8b85aa5d3923afe8fc7a57d028cffcd522f1c6fd082 \
    --hash=sha256:c8b0451d2ec95010d1db8ca733afc41f659f425b7f608af569711097fd6014e2 \
    --hash=sha256:c9aa4496fd0e17e3843399f533d62857cef5900facf93e735ef65aa4bbc90ef0 \
    --hash=sha256:cbc6472e01952d3d1b2772b720428f8b90e2deea8344e854df22b0618e9cce71 \
    --hash=sha256:cdfe0c22692a30cd830c0755746473ae66c4a8f2e7bd508b35fb3b6a0813d787 \
    --hash=sha256:cf802eef1f0134afb81fef94020351be4fe1d6681aadf9c5e862af6602af64ef \
    --hash=sha256:d42f9c36d06440e34226e8bd65ff065ca0963aeecada587b937011efa02cdc9d \
    --hash=sha256:d5b47c440210c5d1d67e1cf434124e0b5c395eee1f5806fdd89b553ed1acd0a3 \
    --hash=sha256:d9b4a8148c57ecac25a16b0e11798cbe88edf5237b0df99973687dd866f05e1b \
    --hash=sha256:daf43a3d1ea699402c5a850e5313680ac355b4adc9770cd5cfc2940e7861f1bf \
    --hash=sha256:dbdc15f0c81611925f382dfa97b3bd0bc2c1ce19d4fe50482cb0ddc12ba30020 \
    --hash=sha256:deaa09cd492e24fd9b15296844c0ad1b3c976da7907e1c1ed3a0ad21dded6f76 \
    --hash=sha256:e37242f5324ffd9f7ba5acf96d774f9276aa62a966c0bad8dae692deebec7716 \
    --hash=sha256:ed2cf9ed4e8ebc3b754d398cba12f24359f018b416c380f577bbae112ca52fc9 \
    --hash=sha256:f2712c5179f40af9ddc8f6727f2bd910ea0eb50206daea75f58ddd9fa3f715bb \
    --hash=sha256:f4ca91d61a4bf61b0f2228f24bbfa6a9facd5f8af03759fe2a655c50ae2c6610 \
    --hash=sha256:f6b3dfc7661f8842babd8ea07e9897fe3d9b69a1d7e5fbb743e4160f9387833b
    # via ezdxf
pyparsing==3.3.2 \
    --hash=sha256:850ba148bd908d7e2411587e247a1e4f0327839c40e2e5e6d05a007ecc69911d \
    --hash=sha256:c777f4d763f140633dcb6d8a3eda953bf7a214dc4eff598413c070bcdc117cbc
    # via ezdxf
pypdfium2==5.8.0 \
    --hash=sha256:049397c647e50f83115ee951c49394dab9e9ba52ebdd5a11ab1109390eb3d34e \
    --hash=sha256:04ca7c57a553facf8d46c6ea8ba6fa557e698670cfa4a58e0e01fdae2f6be87d \
    --hash=sha256:085e633dcc89b65ff4035a4787e98ce7ae636836eb39c83dd0db26113d9774bc \
    --hash=sha256:1c038a9290864aaa4862dd32e591993d82551ca4d152b4e8ce6d43ba37dc04a8 \
    --hash=sha256:26c1089cdbbdc7fe1248f6d17fe3f30214be4f287dd0196b31aaee18a1564240 \
    --hash=sha256:388e3119cf5ca0979b7d5f6d40b7fcd5ab49e17ed4e6de6af89ba116061acfda \
    --hash=sha256:3f17ed97ae8a5a1705301ca93af256a5b02f9009dee4e99c5e175831d46ebd7c \
    --hash=sha256:3f25fd436920a907291462b41bdc0ab9f8235c3944b4c9c15398da595ffd1fed \
    --hash=sha256:53e82bf3e6a2da170b1bda83f93b7eec57cb6efe3cacd05cba78823879a85203 \
    --hash=sha256:55592af0bddd2d62bed18e0053c546c9b72041430c5115e54870f7f6163125b0 \
    --hash=sha256:6be9dc2b84a8694ad7e626bab133244e8241014d5ed1930d865a9bdf90df1e24 \
    --hash=sha256:7f27bd82891ae302dd02d736b14809661f6d1220ee1e96dbed9b23e2811922a3 \
    --hash=sha256:86d302e207c138c827b885a72784f7b306d840646ebeae07e8efdbc39321c629 \
    --hash=sha256:937881c1698456749ed203a58db1895baa5eb7178cdb837ef84867790638da28 \
    --hash=sha256:a3c78f7d20dd821bec6c072efdb21a1370b9efe10fdeeb68c969e67608e25385 \
    --hash=sha256:a63bf09b2e13ba8545c930d243f0650c664a1b51314daa3b5f38df6d1a17b4bc \
    --hash=sha256:aa05bbfa485ce7916217aa78d856c9f9cd86b08b20846c650392a67975ee72e9 \
    --hash=sha256:ad42b9c22477b32dbedcbc8232833f385d92fd0cf92822547b02383cf9a476d7 \
    --hash=sha256:bc84b7c6efede88fcfb9467f81daf416f26b973a54fc1cf4d3410d622fda6d7a \
    --hash=sha256:f0813a16bb39d5ebd173ea5484430bb67a89b4b181db0a636c73b64ad063c3ea \
    --hash=sha256:f104bc1a6d8bfc1ff088aa50db13b9729cfdb3722b44975c3c457e9a7b9c7318 \
    --hash=sha256:f67b6c74b716d9ac725ad1af49ae786ad813ac20823d45606d59f1fc06caa8af
    # via -r docker/geometry/requirements.in
typing-extensions==4.12.2 \
    --hash=sha256:04e5ca0351e0f3f85c6853954072df659d0d13fac324d0072316b67d7794700d \
    --hash=sha256:1a7ead55c7e559dd4dee8856e3a88b41225abfe1ce8df57b7c13915fe121ffb8
    # via ezdxf
